
Microsoft Visual Studio Solution File, Format Version 12.00
# Visual Studio Version 17
VisualStudioVersion = 17.14.36804.6 d17.14
MinimumVisualStudioVersion = 10.0.40219.1
Project("{FAE04EC0-301F-11D3-BF4B-00C04F79EFBC}") = "ASP.NETCoreWebApi", "ASP.NETCoreWebApi.csproj", "{4E039251-03DE-7C99-6508-6128374BE2F6}"
EndProject
Global
	GlobalSection(SolutionConfigurationPlatforms) = preSolution
		Debug|Any CPU = Debug|Any CPU
		Release|Any CPU = Release|Any CPU
	EndGlobalSection
	GlobalSection(ProjectConfigurationPlatforms) = postSolution
		{4E039251-03DE-7C99-6508-6128374BE2F6}.Debug|Any CPU.ActiveCfg = Debug|Any CPU
		{4E039251-03DE-7C99-6508-6128374BE2F6}.Debug|Any CPU.Build.0 = Debug|Any CPU
		{4E039251-03DE-7C99-6508-6128374BE2F6}.Release|Any CPU.ActiveCfg = Release|Any CPU
		{4E039251-03DE-7C99-6508-6128374BE2F6}.Release|Any CPU.Build.0 = Release|Any CPU
	EndGlobalSection
	GlobalSection(SolutionProperties) = preSolution
		HideSolutionNode = FALSE
	EndGlobalSection
	GlobalSection(ExtensibilityGlobals) = postSolution
		SolutionGuid = {8881A0A3-4B58-457B-B581-0D3B10AB7C60}
	EndGlobalSection
EndGlobal
